{
  "name": "s-89",
  "version": "1.0.0",
  "lockfileVersion": 3,
  "requires": true,
  "packages": {
    "": {
      "name": "s-89",
      "version": "1.0.0",
      "license": "ISC",
      "dependencies": {
        "commander": "^11.0.0",
        "pdf-fill-form": "^5.1.0"
      }
    },
    "node_modules/commander": {
      "version": "11.0.0",
      "resolved": "https://registry.npmjs.org/commander/-/commander-11.0.0.tgz",
      "integrity": "sha512-9HMlXtt/BNoYr8ooyjjNRdIilOTkVJXB+GhxMTtOKwk0R4j4lS4NpjuqmRxroBfnfTSHQIHQB7wryHhXarNjmQ==",
      "engines": {
        "node": ">=16"
      }
    },
    "node_modules/nan": {
      "version": "2.17.0",
      "resolved": "https://registry.npmjs.org/nan/-/nan-2.17.0.tgz",
      "integrity": "sha512-2ZTgtl0nJsO0KQCjEpxcIr5D+Yv90plTitZt9JBfQvVJDS5seMl3FOvsh3+9CoYWXf/1l5OaZzzF6nDm4cagaQ=="
    },
    "node_modules/pdf-fill-form": {
      "version": "5.1.0",
      "resolved": "https://registry.npmjs.org/pdf-fill-form/-/pdf-fill-form-5.1.0.tgz",
      "integrity": "sha512-KkVwjyTpabpPLm18ocBeBIVIMQamFp7oUNONN5Uypb65zUvv+9kpKVGi0i8NbjrRn+bZK2zuZORjw6Xo3BcsUw==",
      "hasInstallScript": true,
      "dependencies": {
        "nan": "^2.14.0"
      },
      "engines": {
        "node": ">10.0.0"
      }
    }
  }
}
